// !$*UTF8*$!
{
	archiveVersion = 1;
	classes = {
	};
	objectVersion = 50;
	objects = {

/* Begin PBXBuildFile section */
		DEEA74EE2424AD8C00B50138 /* AppDelegate.swift in Sources */ = {isa = PBXBuildFile; fileRef = DEEA74ED2424AD8C00B50138 /* AppDelegate.swift */; };
		DEEA74F02424AD8C00B50138 /* SceneDelegate.swift in Sources */ = {isa = PBXBuildFile; fileRef = DEEA74EF2424AD8C00B50138 /* SceneDelegate.swift */; };
		DEEA74F52424AD8C00B50138 /* Main.storyboard in Resources */ = {isa = PBXBuildFile; fileRef = DEEA74F32424AD8C00B50138 /* Main.storyboard */; };
		DEEA74F72424AD8D00B50138 /* Assets.xcassets in Resources */ = {isa = PBXBuildFile; fileRef = DEEA74F62424AD8D00B50138 /* Assets.xcassets */; };
		DEEA74FA2424AD8D00B50138 /* LaunchScreen.storyboard in Resources */ = {isa = PBXBuildFile; fileRef = DEEA74F82424AD8D00B50138 /* LaunchScreen.storyboard */; };
		DEEA75052424AD8D00B50138 /* swift_douyuTests.swift in Sources */ = {isa = PBXBuildFile; fileRef = DEEA75042424AD8D00B50138 /* swift_douyuTests.swift */; };
/* End PBXBuildFile section */

/* Begin PBXContainerItemProxy section */
		DEEA75012424AD8D00B50138 /* PBXContainerItemProxy */ = {
			isa = PBXContainerItemProxy;
			containerPortal = DEEA74E22424AD8C00B50138 /* Project object */;
			proxyType = 1;
			remoteGlobalIDString = DEEA74E92424AD8C00B50138;
			remoteInfo = swift_douyu;
		};
/* End PBXContainerItemProxy section */

/* Begin PBXFileReference section */
		DEEA74EA2424AD8C00B50138 /* swift_douyu.app */ = {isa = PBXFileReference; explicitFileType = wrapper.application; includeInIndex = 0; path = swift_douyu.app; sourceTree = BUILT_PRODUCTS_DIR; };
		DEEA74ED2424AD8C00B50138 /* AppDelegate.swift */ = {isa = PBXFileReference; lastKnownFileType = sourcecode.swift; path = AppDelegate.swift; sourceTree = "<group>"; };
		DEEA74EF2424AD8C00B50138 /* SceneDelegate.swift */ = {isa = PBXFileReference; lastKnownFileType = sourcecode.swift; path = SceneDelegate.swift; sourceTree = "<group>"; };
		DEEA74F42424AD8C00B50138 /* Base */ = {isa = PBXFileReference; lastKnownFileType = file.storyboard; name = Base; path = Base.lproj/Main.storyboard; sourceTree = "<group>"; };
		DEEA74F62424AD8D00B50138 /* Assets.xcassets */ = {isa = PBXFileReference; lastKnownFileType = folder.assetcatalog; path = Assets.xcassets; sourceTree = "<group>"; };
		DEEA74F92424AD8D00B50138 /* Base */ = {isa = PBXFileReference; lastKnownFileType = file.storyboard; name = Base; path = Base.lproj/LaunchScreen.storyboard; sourceTree = "<group>"; };
		DEEA74FB2424AD8D00B50138 /* Info.plist */ = {isa = PBXFileReference; lastKnownFileType = text.plist.xml; path = Info.plist; sourceTree = "<group>"; };
		DEEA75002424AD8D00B50138 /* swift_douyuTests.xctest */ = {isa = PBXFileReference; explicitFileType = wrapper.cfbundle; includeInIndex = 0; path = swift_douyuTests.xctest; sourceTree = BUILT_PRODUCTS_DIR; };
		DEEA75042424AD8D00B50138 /* swift_douyuTests.swift */ = {isa = PBXFileReference; lastKnownFileType = sourcecode.swift; path = swift_douyuTests.swift; sourceTree = "<group>"; };
		DEEA75062424AD8D00B50138 /* Info.plist */ = {isa = PBXFileReference; lastKnownFileType = text.plist.xml; path = Info.plist; sourceTree = "<group>"; };
/* End PBXFileReference section */

/* Begin PBXFrameworksBuildPhase section */
		DEEA74E72424AD8C00B50138 /* Frameworks */ = {
			isa = PBXFrameworksBuildPhase;
			buildActionMask = 2147483647;
			files = (
			);
			runOnlyForDeploymentPostprocessing = 0;
		};
		DEEA74FD2424AD8D00B50138 /* Frameworks */ = {
			isa = PBXFrameworksBuildPhase;
			buildActionMask = 2147483647;
			files = (
			);
			runOnlyForDeploymentPostprocessing = 0;
		};
/* End PBXFrameworksBuildPhase section */

/* Begin PBXGroup section */
		DEEA74E12424AD8C00B50138 = {
			isa = PBXGroup;
			children = (
				DEEA74EC2424AD8C00B50138 /* swift_douyu */,
				DEEA75032424AD8D00B50138 /* swift_douyuTests */,
				DEEA74EB2424AD8C00B50138 /* Products */,
			);
			sourceTree = "<group>";
		};
		DEEA74EB2424AD8C00B50138 /* Products */ = {
			isa = PBXGroup;
			children = (
				DEEA74EA2424AD8C00B50138 /* swift_douyu.app */,
				DEEA75002424AD8D00B50138 /* swift_douyuTests.xctest */,
			);
			name = Products;
			sourceTree = "<group>";
		};
		DEEA74EC2424AD8C00B50138 /* swift_douyu */ = {
			isa = PBXGroup;
			children = (
				DEEA74ED2424AD8C00B50138 /* AppDelegate.swift */,
				DEEA74EF2424AD8C00B50138 /* SceneDelegate.swift */,
				DEEA750F2424B4EC00B50138 /* Classes */,
				DEEA74F32424AD8C00B50138 /* Main.storyboard */,
				DEEA74F62424AD8D00B50138 /* Assets.xcassets */,
				DEEA74F82424AD8D00B50138 /* LaunchScreen.storyboard */,
				DEEA74FB2424AD8D00B50138 /* Info.plist */,
			);
			path = swift_douyu;
			sourceTree = "<group>";
		};
		DEEA75032424AD8D00B50138 /* swift_douyuTests */ = {
			isa = PBXGroup;
			children = (
				DEEA75042424AD8D00B50138 /* swift_douyuTests.swift */,
				DEEA75062424AD8D00B50138 /* Info.plist */,
			);
			path = swift_douyuTests;
			sourceTree = "<group>";
		};
		DEEA750F2424B4EC00B50138 /* Classes */ = {
			isa = PBXGroup;
			children = (
				DEEA75152424B4EC00B50138 /* Main */,
				DEEA75102424B4EC00B50138 /* Home */,
				DEEA75142424B4EC00B50138 /* Live */,
				DEEA75122424B4EC00B50138 /* Follow */,
				DEEA75132424B4EC00B50138 /* Profile */,
				DEEA75112424B4EC00B50138 /* Tools */,
			);
			path = Classes;
			sourceTree = "<group>";
		};
		DEEA75102424B4EC00B50138 /* Home */ = {
			isa = PBXGroup;
			children = (
			);
			path = Home;
			sourceTree = "<group>";
		};
		DEEA75112424B4EC00B50138 /* Tools */ = {
			isa = PBXGroup;
			children = (
			);
			path = Tools;
			sourceTree = "<group>";
		};
		DEEA75122424B4EC00B50138 /* Follow */ = {
			isa = PBXGroup;
			children = (
			);
			path = Follow;
			sourceTree = "<group>";
		};
		DEEA75132424B4EC00B50138 /* Profile */ = {
			isa = PBXGroup;
			children = (
			);
			path = Profile;
			sourceTree = "<group>";
		};
		DEEA75142424B4EC00B50138 /* Live */ = {
			isa = PBXGroup;
			children = (
			);
			path = Live;
			sourceTree = "<group>";
		};
		DEEA75152424B4EC00B50138 /* Main */ = {
			isa = PBXGroup;
			children = (
			);
			path = Main;
			sourceTree = "<group>";
		};
/* End PBXGroup section */

/* Begin PBXNativeTarget section */
		DEEA74E92424AD8C00B50138 /* swift_douyu */ = {
			isa = PBXNativeTarget;
			buildConfigurationList = DEEA75092424AD8D00B50138 /* Build configuration list for PBXNativeTarget "swift_douyu" */;
			buildPhases = (
				DEEA74E62424AD8C00B50138 /* Sources */,
				DEEA74E72424AD8C00B50138 /* Frameworks */,
				DEEA74E82424AD8C00B50138 /* Resources */,
			);
			buildRules = (
			);
			dependencies = (
			);
			name = swift_douyu;
			productName = swift_douyu;
			productReference = DEEA74EA2424AD8C00B50138 /* swift_douyu.app */;
			productType = "com.apple.product-type.application";
		};
		DEEA74FF2424AD8D00B50138 /* swift_douyuTests */ = {
			isa = PBXNativeTarget;
			buildConfigurationList = DEEA750C2424AD8D00B50138 /* Build configuration list for PBXNativeTarget "swift_douyuTests" */;
			buildPhases = (
				DEEA74FC2424AD8D00B50138 /* Sources */,
				DEEA74FD2424AD8D00B50138 /* Frameworks */,
				DEEA74FE2424AD8D00B50138 /* Resources */,
			);
			buildRules = (
			);
			dependencies = (
				DEEA75022424AD8D00B50138 /* PBXTargetDependency */,
			);
			name = swift_douyuTests;
			productName = swift_douyuTests;
			productReference = DEEA75002424AD8D00B50138 /* swift_douyuTests.xctest */;
			productType = "com.apple.product-type.bundle.unit-test";
		};
/* End PBXNativeTarget section */

/* Begin PBXProject section */
		DEEA74E22424AD8C00B50138 /* Project object */ = {
			isa = PBXProject;
			attributes = {
				LastSwiftUpdateCheck = 1130;
				LastUpgradeCheck = 1130;
				ORGANIZATIONNAME = xunben;
				TargetAttributes = {
					DEEA74E92424AD8C00B50138 = {
						CreatedOnToolsVersion = 11.3.1;
					};
					DEEA74FF2424AD8D00B50138 = {
						CreatedOnToolsVersion = 11.3.1;
						TestTargetID = DEEA74E92424AD8C00B50138;
					};
				};
			};
			buildConfigurationList = DEEA74E52424AD8C00B50138 /* Build configuration list for PBXProject "swift_douyu" */;
			compatibilityVersion = "Xcode 9.3";
			developmentRegion = en;
			hasScannedForEncodings = 0;
			knownRegions = (
				en,
				Base,
			);
			mainGroup = DEEA74E12424AD8C00B50138;
			productRefGroup = DEEA74EB2424AD8C00B50138 /* Products */;
			projectDirPath = "";
			projectRoot = "";
			targets = (
				DEEA74E92424AD8C00B50138 /* swift_douyu */,
				DEEA74FF2424AD8D00B50138 /* swift_douyuTests */,
			);
		};
/* End PBXProject section */

/* Begin PBXResourcesBuildPhase section */
		DEEA74E82424AD8C00B50138 /* Resources */ = {
			isa = PBXResourcesBuildPhase;
			buildActionMask = 2147483647;
			files = (
				DEEA74FA2424AD8D00B50138 /* LaunchScreen.storyboard in Resources */,
				DEEA74F72424AD8D00B50138 /* Assets.xcassets in Resources */,
				DEEA74F52424AD8C00B50138 /* Main.storyboard in Resources */,
			);
			runOnlyForDeploymentPostprocessing = 0;
		};
		DEEA74FE2424AD8D00B50138 /* Resources */ = {
			isa = PBXResourcesBuildPhase;
			buildActionMask = 2147483647;
			files = (
			);
			runOnlyForDeploymentPostprocessing = 0;
		};
/* End PBXResourcesBuildPhase section */

/* Begin PBXSourcesBuildPhase section */
		DEEA74E62424AD8C00B50138 /* Sources */ = {
			isa = PBXSourcesBuildPhase;
			buildActionMask = 2147483647;
			files = (
				DEEA74EE2424AD8C00B50138 /* AppDelegate.swift in Sources */,
				DEEA74F02424AD8C00B50138 /* SceneDelegate.swift in Sources */,
			);
			runOnlyForDeploymentPostprocessing = 0;
		};
		DEEA74FC2424AD8D00B50138 /* Sources */ = {
			isa = PBXSourcesBuildPhase;
			buildActionMask = 2147483647;
			files = (
				DEEA75052424AD8D00B50138 /* swift_douyuTests.swift in Sources */,
			);
			runOnlyForDeploymentPostprocessing = 0;
		};
/* End PBXSourcesBuildPhase section */

/* Begin PBXTargetDependency section */
		DEEA75022424AD8D00B50138 /* PBXTargetDependency */ = {
			isa = PBXTargetDependency;
			target = DEEA74E92424AD8C00B50138 /* swift_douyu */;
			targetProxy = DEEA75012424AD8D00B50138 /* PBXContainerItemProxy */;
		};
/* End PBXTargetDependency section */

/* Begin PBXVariantGroup section */
		DEEA74F32424AD8C00B50138 /* Main.storyboard */ = {
			isa = PBXVariantGroup;
			children = (
				DEEA74F42424AD8C00B50138 /* Base */,
			);
			name = Main.storyboard;
			sourceTree = "<group>";
		};
		DEEA74F82424AD8D00B50138 /* LaunchScreen.storyboard */ = {
			isa = PBXVariantGroup;
			children = (
				DEEA74F92424AD8D00B50138 /* Base */,
			);
			name = LaunchScreen.storyboard;
			sourceTree = "<group>";
		};
/* End PBXVariantGroup section */

/* Begin XCBuildConfiguration section */
		DEEA75072424AD8D00B50138 /* Debug */ = {
			isa = XCBuildConfiguration;
			buildSettings = {
				ALWAYS_SEARCH_USER_PATHS = NO;
				CLANG_ANALYZER_NONNULL = YES;
				CLANG_ANALYZER_NUMBER_OBJECT_CONVERSION = YES_AGGRESSIVE;
				CLANG_CXX_LANGUAGE_STANDARD = "gnu++14";
				CLANG_CXX_LIBRARY = "libc++";
				CLANG_ENABLE_MODULES = YES;
				CLANG_ENABLE_OBJC_ARC = YES;
				CLANG_ENABLE_OBJC_WEAK = YES;
				CLANG_WARN_BLOCK_CAPTURE_AUTORELEASING = YES;
				CLANG_WARN_BOOL_CONVERSION = YES;
				CLANG_WARN_COMMA = YES;
				CLANG_WARN_CONSTANT_CONVERSION = YES;
				CLANG_WARN_DEPRECATED_OBJC_IMPLEMENTATIONS = YES;
				CLANG_WARN_DIRECT_OBJC_ISA_USAGE = YES_ERROR;
				CLANG_WARN_DOCUMENTATION_COMMENTS = YES;
				CLANG_WARN_EMPTY_BODY = YES;
				CLANG_WARN_ENUM_CONVERSION = YES;
				CLANG_WARN_INFINITE_RECURSION = YES;
				CLANG_WARN_INT_CONVERSION = YES;
				CLANG_WARN_NON_LITERAL_NULL_CONVERSION = YES;
				CLANG_WARN_OBJC_IMPLICIT_RETAIN_SELF = YES;
				CLANG_WARN_OBJC_LITERAL_CONVERSION = YES;
				CLANG_WARN_OBJC_ROOT_CLASS = YES_ERROR;
				CLANG_WARN_RANGE_LOOP_ANALYSIS = YES;
				CLANG_WARN_STRICT_PROTOTYPES = YES;
				CLANG_WARN_SUSPICIOUS_MOVE = YES;
				CLANG_WARN_UNGUARDED_AVAILABILITY = YES_AGGRESSIVE;
				CLANG_WARN_UNREACHABLE_CODE = YES;
				CLANG_WARN__DUPLICATE_METHOD_MATCH = YES;
				COPY_PHASE_STRIP = NO;
				DEBUG_INFORMATION_FORMAT = dwarf;
				ENABLE_STRICT_OBJC_MSGSEND = YES;
				ENABLE_TESTABILITY = YES;
				GCC_C_LANGUAGE_STANDARD = gnu11;
				GCC_DYNAMIC_NO_PIC = NO;
				GCC_NO_COMMON_BLOCKS = YES;
				GCC_OPTIMIZATION_LEVEL = 0;
				GCC_PREPROCESSOR_DEFINITIONS = (
					"DEBUG=1",
					"$(inherited)",
				);
				GCC_WARN_64_TO_32_BIT_CONVERSION = YES;
				GCC_WARN_ABOUT_RETURN_TYPE = YES_ERROR;
				GCC_WARN_UNDECLARED_SELECTOR = YES;
				GCC_WARN_UNINITIALIZED_AUTOS = YES_AGGRESSIVE;
				GCC_WARN_UNUSED_FUNCTION = YES;
				GCC_WARN_UNUSED_VARIABLE = YES;
				IPHONEOS_DEPLOYMENT_TARGET = 13.2;
				MTL_ENABLE_DEBUG_INFO = INCLUDE_SOURCE;
				MTL_FAST_MATH = YES;
				ONLY_ACTIVE_ARCH = YES;
				SDKROOT = iphoneos;
				SWIFT_ACTIVE_COMPILATION_CONDITIONS = DEBUG;
				SWIFT_OPTIMIZATION_LEVEL = "-Onone";
			};
			name = Debug;
		};
		DEEA75082424AD8D00B50138 /* Release */ = {
			isa = XCBuildConfiguration;
			buildSettings = {
				ALWAYS_SEARCH_USER_PATHS = NO;
				CLANG_ANALYZER_NONNULL = YES;
				CLANG_ANALYZER_NUMBER_OBJECT_CONVERSION = YES_AGGRESSIVE;
				CLANG_CXX_LANGUAGE_STANDARD = "gnu++14";
				CLANG_CXX_LIBRARY = "libc++";
				CLANG_ENABLE_MODULES = YES;
				CLANG_ENABLE_OBJC_ARC = YES;
				CLANG_ENABLE_OBJC_WEAK = YES;
				CLANG_WARN_BLOCK_CAPTURE_AUTORELEASING = YES;
				CLANG_WARN_BOOL_CONVERSION = YES;
				CLANG_WARN_COMMA = YES;
				CLANG_WARN_CONSTANT_CONVERSION = YES;
				CLANG_WARN_DEPRECATED_OBJC_IMPLEMENTATIONS = YES;
				CLANG_WARN_DIRECT_OBJC_ISA_USAGE = YES_ERROR;
				CLANG_WARN_DOCUMENTATION_COMMENTS = YES;
				CLANG_WARN_EMPTY_BODY = YES;
				CLANG_WARN_ENUM_CONVERSION = YES;
				CLANG_WARN_INFINITE_RECURSION = YES;
				CLANG_WARN_INT_CONVERSION = YES;
				CLANG_WARN_NON_LITERAL_NULL_CONVERSION = YES;
				CLANG_WARN_OBJC_IMPLICIT_RETAIN_SELF = YES;
				CLANG_WARN_OBJC_LITERAL_CONVERSION = YES;
				CLANG_WARN_OBJC_ROOT_CLASS = YES_ERROR;
				CLANG_WARN_RANGE_LOOP_ANALYSIS = YES;
				CLANG_WARN_STRICT_PROTOTYPES = YES;
				CLANG_WARN_SUSPICIOUS_MOVE = YES;
				CLANG_WARN_UNGUARDED_AVAILABILITY = YES_AGGRESSIVE;
				CLANG_WARN_UNREACHABLE_CODE = YES;
				CLANG_WARN__DUPLICATE_METHOD_MATCH = YES;
				COPY_PHASE_STRIP = NO;
				DEBUG_INFORMATION_FORMAT = "dwarf-with-dsym";
				ENABLE_NS_ASSERTIONS = NO;
				ENABLE_STRICT_OBJC_MSGSEND = YES;
				GCC_C_LANGUAGE_STANDARD = gnu11;
				GCC_NO_COMMON_BLOCKS = YES;
				GCC_WARN_64_TO_32_BIT_CONVERSION = YES;
				GCC_WARN_ABOUT_RETURN_TYPE = YES_ERROR;
				GCC_WARN_UNDECLARED_SELECTOR = YES;
				GCC_WARN_UNINITIALIZED_AUTOS = YES_AGGRESSIVE;
				GCC_WARN_UNUSED_FUNCTION = YES;
				GCC_WARN_UNUSED_VARIABLE = YES;
				IPHONEOS_DEPLOYMENT_TARGET = 13.2;
				MTL_ENABLE_DEBUG_INFO = NO;
				MTL_FAST_MATH = YES;
				SDKROOT = iphoneos;
				SWIFT_COMPILATION_MODE = wholemodule;
				SWIFT_OPTIMIZATION_LEVEL = "-O";
				VALIDATE_PRODUCT = YES;
			};
			name = Release;
		};
		DEEA750A2424AD8D00B50138 /* Debug */ = {
			isa = XCBuildConfiguration;
			buildSettings = {
				ASSETCATALOG_COMPILER_APPICON_NAME = AppIcon;
				CODE_SIGN_STYLE = Automatic;
				DEVELOPMENT_TEAM = P7JR9S4RM4;
				INFOPLIST_FILE = swift_douyu/Info.plist;
				IPHONEOS_DEPLOYMENT_TARGET = 9.0;
				LD_RUNPATH_SEARCH_PATHS = (
					"$(inherited)",
					"@executable_path/Frameworks",
				);
				PRODUCT_BUNDLE_IDENTIFIER = "com.huilin.swift-douyu";
				PRODUCT_NAME = "$(TARGET_NAME)";
				SWIFT_VERSION = 5.0;
				TARGETED_DEVICE_FAMILY = 1;
			};
			name = Debug;
		};
		DEEA750B2424AD8D00B50138 /* Release */ = {
			isa = XCBuildConfiguration;
			buildSettings = {
				ASSETCATALOG_COMPILER_APPICON_NAME = AppIcon;
				CODE_SIGN_STYLE = Automatic;
				DEVELOPMENT_TEAM = P7JR9S4RM4;
				INFOPLIST_FILE = swift_douyu/Info.plist;
				IPHONEOS_DEPLOYMENT_TARGET = 9.0;
				LD_RUNPATH_SEARCH_PATHS = (
					"$(inherited)",
					"@executable_path/Frameworks",
				);
				PRODUCT_BUNDLE_IDENTIFIER = "com.huilin.swift-douyu";
				PRODUCT_NAME = "$(TARGET_NAME)";
				SWIFT_VERSION = 5.0;
				TARGETED_DEVICE_FAMILY = 1;
			};
			name = Release;
		};
		DEEA750D2424AD8D00B50138 /* Debug */ = {
			isa = XCBuildConfiguration;
			buildSettings = {
				ALWAYS_EMBED_SWIFT_STANDARD_LIBRARIES = YES;
				BUNDLE_LOADER = "$(TEST_HOST)";
				CODE_SIGN_STYLE = Automatic;
				DEVELOPMENT_TEAM = P7JR9S4RM4;
				INFOPLIST_FILE = swift_douyuTests/Info.plist;
				IPHONEOS_DEPLOYMENT_TARGET = 13.2;
				LD_RUNPATH_SEARCH_PATHS = (
					"$(inherited)",
					"@executable_path/Frameworks",
					"@loader_path/Frameworks",
				);
				PRODUCT_BUNDLE_IDENTIFIER = "com.huilin.swift-douyuTests";
				PRODUCT_NAME = "$(TARGET_NAME)";
				SWIFT_VERSION = 5.0;
				TARGETED_DEVICE_FAMILY = "1,2";
				TEST_HOST = "$(BUILT_PRODUCTS_DIR)/swift_douyu.app/swift_douyu";
			};
			name = Debug;
		};
		DEEA750E2424AD8D00B50138 /* Release */ = {
			isa = XCBuildConfiguration;
			buildSettings = {
				ALWAYS_EMBED_SWIFT_STANDARD_LIBRARIES = YES;
				BUNDLE_LOADER = "$(TEST_HOST)";
				CODE_SIGN_STYLE = Automatic;
				DEVELOPMENT_TEAM = P7JR9S4RM4;
				INFOPLIST_FILE = swift_douyuTests/Info.plist;
				IPHONEOS_DEPLOYMENT_TARGET = 13.2;
				LD_RUNPATH_SEARCH_PATHS = (
					"$(inherited)",
					"@executable_path/Frameworks",
					"@loader_path/Frameworks",
				);
				PRODUCT_BUNDLE_IDENTIFIER = "com.huilin.swift-douyuTests";
				PRODUCT_NAME = "$(TARGET_NAME)";
				SWIFT_VERSION = 5.0;
				TARGETED_DEVICE_FAMILY = "1,2";
				TEST_HOST = "$(BUILT_PRODUCTS_DIR)/swift_douyu.app/swift_douyu";
			};
			name = Release;
		};
/* End XCBuildConfiguration section */

/* Begin XCConfigurationList section */
		DEEA74E52424AD8C00B50138 /* Build configuration list for PBXProject "swift_douyu" */ = {
			isa = XCConfigurationList;
			buildConfigurations = (
				DEEA75072424AD8D00B50138 /* Debug */,
				DEEA75082424AD8D00B50138 /* Release */,
			);
			defaultConfigurationIsVisible = 0;
			defaultConfigurationName = Release;
		};
		DEEA75092424AD8D00B50138 /* Build configuration list for PBXNativeTarget "swift_douyu" */ = {
			isa = XCConfigurationList;
			buildConfigurations = (
				DEEA750A2424AD8D00B50138 /* Debug */,
				DEEA750B2424AD8D00B50138 /* Release */,
			);
			defaultConfigurationIsVisible = 0;
			defaultConfigurationName = Release;
		};
		DEEA750C2424AD8D00B50138 /* Build configuration list for PBXNativeTarget "swift_douyuTests" */ = {
			isa = XCConfigurationList;
			buildConfigurations = (
				DEEA750D2424AD8D00B50138 /* Debug */,
				DEEA750E2424AD8D00B50138 /* Release */,
			);
			defaultConfigurationIsVisible = 0;
			defaultConfigurationName = Release;
		};
/* End XCConfigurationList section */
	};
	rootObject = DEEA74E22424AD8C00B50138 /* Project object */;
}
